
Microsoft Visual Studio Solution File, Format Version 12.00
# Visual Studio Version 17
VisualStudioVersion = 17.7.34018.315
MinimumVisualStudioVersion = 10.0.40219.1
Project("{8BC9CEB8-8B4A-11D0-8D11-00A0C91BC942}") = "Gear_with_animation", "Gear_with_animation.vcxproj", "{3CF22981-5B0F-454D-93C4-180DF6EBAB78}"
EndProject
Global
	GlobalSection(SolutionConfigurationPlatforms) = preSolution
		Debug|x64 = Debug|x64
		Debug|x86 = Debug|x86
		Release|x64 = Release|x64
		Release|x86 = Release|x86
	EndGlobalSection
	GlobalSection(ProjectConfigurationPlatforms) = postSolution
		{3CF22981-5B0F-454D-93C4-180DF6EBAB78}.Debug|x64.ActiveCfg = Debug|x64
		{3CF22981-5B0F-454D-93C4-180DF6EBAB78}.Debug|x64.Build.0 = Debug|x64
		{3CF22981-5B0F-454D-93C4-180DF6EBAB78}.Debug|x86.ActiveCfg = Debug|Win32
		{3CF22981-5B0F-454D-93C4-180DF6EBAB78}.Debug|x86.Build.0 = Debug|Win32
		{3CF22981-5B0F-454D-93C4-180DF6EBAB78}.Release|x64.ActiveCfg = Release|x64
		{3CF22981-5B0F-454D-93C4-180DF6EBAB78}.Release|x64.Build.0 = Release|x64
		{3CF22981-5B0F-454D-93C4-180DF6EBAB78}.Release|x86.ActiveCfg = Release|Win32
		{3CF22981-5B0F-454D-93C4-180DF6EBAB78}.Release|x86.Build.0 = Release|Win32
	EndGlobalSection
	GlobalSection(SolutionProperties) = preSolution
		HideSolutionNode = FALSE
	EndGlobalSection
	GlobalSection(ExtensibilityGlobals) = postSolution
		SolutionGuid = {8F8F31D2-9158-4946-B9FC-3548DACF3C31}
	EndGlobalSection
EndGlobal
